
Microsoft Visual Studio Solution File, Format Version 12.00
# Visual Studio Version 16
VisualStudioVersion = 16.0.31702.278
MinimumVisualStudioVersion = 10.0.40219.1
Project("{FAE04EC0-301F-11D3-BF4B-00C04F79EFBC}") = "WebApp_F", "WebApp_F\WebApp_F.csproj", "{162DBA9B-CF5D-4861-8567-2F9BCAACD595}"
EndProject
Global
	GlobalSection(SolutionConfigurationPlatforms) = preSolution
		Debug|Any CPU = Debug|Any CPU
		Release|Any CPU = Release|Any CPU
	EndGlobalSection
	GlobalSection(ProjectConfigurationPlatforms) = postSolution
		{162DBA9B-CF5D-4861-8567-2F9BCAACD595}.Debug|Any CPU.ActiveCfg = Debug|Any CPU
		{162DBA9B-CF5D-4861-8567-2F9BCAACD595}.Debug|Any CPU.Build.0 = Debug|Any CPU
		{162DBA9B-CF5D-4861-8567-2F9BCAACD595}.Release|Any CPU.ActiveCfg = Release|Any CPU
		{162DBA9B-CF5D-4861-8567-2F9BCAACD595}.Release|Any CPU.Build.0 = Release|Any CPU
	EndGlobalSection
	GlobalSection(SolutionProperties) = preSolution
		HideSolutionNode = FALSE
	EndGlobalSection
	GlobalSection(ExtensibilityGlobals) = postSolution
		SolutionGuid = {72B2B998-133A-4A53-8AC7-CF45F005B15B}
	EndGlobalSection
EndGlobal
